
Microsoft Visual Studio Solution File, Format Version 12.00
# Visual Studio Version 16
VisualStudioVersion = 16.0.29403.142
MinimumVisualStudioVersion = 10.0.40219.1
Project("{FAE04EC0-301F-11D3-BF4B-00C04F79EFBC}") = "Laboratorium1", "Laboratorium1.csproj", "{63FD49BB-B722-4AA2-94C7-E08C5032DAD8}"
EndProject
Global
	GlobalSection(SolutionConfigurationPlatforms) = preSolution
		Debug|Any CPU = Debug|Any CPU
		Release|Any CPU = Release|Any CPU
	EndGlobalSection
	GlobalSection(ProjectConfigurationPlatforms) = postSolution
		{63FD49BB-B722-4AA2-94C7-E08C5032DAD8}.Debug|Any CPU.ActiveCfg = Debug|Any CPU
		{63FD49BB-B722-4AA2-94C7-E08C5032DAD8}.Debug|Any CPU.Build.0 = Debug|Any CPU
		{63FD49BB-B722-4AA2-94C7-E08C5032DAD8}.Release|Any CPU.ActiveCfg = Release|Any CPU
		{63FD49BB-B722-4AA2-94C7-E08C5032DAD8}.Release|Any CPU.Build.0 = Release|Any CPU
	EndGlobalSection
	GlobalSection(SolutionProperties) = preSolution
		HideSolutionNode = FALSE
	EndGlobalSection
	GlobalSection(ExtensibilityGlobals) = postSolution
		SolutionGuid = {9EEA2586-ECBE-4145-AB5F-68D24BAA2146}
	EndGlobalSection
EndGlobal
